
Microsoft Visual Studio Solution File, Format Version 12.00
# Visual Studio Version 17
VisualStudioVersion = 17.5.002.0
MinimumVisualStudioVersion = 10.0.40219.1
Project("{9A19103F-16F7-4668-BE54-9A1E7A4F7556}") = "Task1", "Task1.csproj", "{46509B3D-A248-4435-9F08-953332CE077D}"
EndProject
Global
	GlobalSection(SolutionConfigurationPlatforms) = preSolution
		Debug|Any CPU = Debug|Any CPU
		Release|Any CPU = Release|Any CPU
	EndGlobalSection
	GlobalSection(ProjectConfigurationPlatforms) = postSolution
		{46509B3D-A248-4435-9F08-953332CE077D}.Debug|Any CPU.ActiveCfg = Debug|Any CPU
		{46509B3D-A248-4435-9F08-953332CE077D}.Debug|Any CPU.Build.0 = Debug|Any CPU
		{46509B3D-A248-4435-9F08-953332CE077D}.Release|Any CPU.ActiveCfg = Release|Any CPU
		{46509B3D-A248-4435-9F08-953332CE077D}.Release|Any CPU.Build.0 = Release|Any CPU
	EndGlobalSection
	GlobalSection(SolutionProperties) = preSolution
		HideSolutionNode = FALSE
	EndGlobalSection
	GlobalSection(ExtensibilityGlobals) = postSolution
		SolutionGuid = {2F5BBCD3-BACE-43D0-B1B8-D15B61B83D49}
	EndGlobalSection
EndGlobal
